// !$*UTF8*$!
{
	archiveVersion = 1;
	classes = {
	};
	objectVersion = 46;
	objects = {

/* Begin PBXBuildFile section */
		095960821DA41C0600291FD8 /* AppDelegate.swift in Sources */ = {isa = PBXBuildFile; fileRef = 095960811DA41C0600291FD8 /* AppDelegate.swift */; };
		095960841DA41C0600291FD8 /* Assets.xcassets in Resources */ = {isa = PBXBuildFile; fileRef = 095960831DA41C0600291FD8 /* Assets.xcassets */; };
		095960871DA41C0600291FD8 /* MainMenu.xib in Resources */ = {isa = PBXBuildFile; fileRef = 095960851DA41C0600291FD8 /* MainMenu.xib */; };
		095960911DA57B0400291FD8 /* ImageSource.swift in Sources */ = {isa = PBXBuildFile; fileRef = 095960901DA57B0400291FD8 /* ImageSource.swift */; };
		095960931DA57C9600291FD8 /* UnsplashSource.swift in Sources */ = {isa = PBXBuildFile; fileRef = 095960921DA57C9600291FD8 /* UnsplashSource.swift */; };
		095960951DA5868D00291FD8 /* Constants.swift in Sources */ = {isa = PBXBuildFile; fileRef = 095960941DA5868D00291FD8 /* Constants.swift */; };
		098FF4C31DB13B3B00D5872E /* StatusItemController.swift in Sources */ = {isa = PBXBuildFile; fileRef = 098FF4C21DB13B3B00D5872E /* StatusItemController.swift */; };
		098FF4C51DB178A800D5872E /* Preferences.swift in Sources */ = {isa = PBXBuildFile; fileRef = 098FF4C41DB178A800D5872E /* Preferences.swift */; };
/* End PBXBuildFile section */

/* Begin PBXFileReference section */
		0959607E1DA41C0600291FD8 /* iris.app */ = {isa = PBXFileReference; explicitFileType = wrapper.application; includeInIndex = 0; path = iris.app; sourceTree = BUILT_PRODUCTS_DIR; };
		095960811DA41C0600291FD8 /* AppDelegate.swift */ = {isa = PBXFileReference; lastKnownFileType = sourcecode.swift; path = AppDelegate.swift; sourceTree = "<group>"; };
		095960831DA41C0600291FD8 /* Assets.xcassets */ = {isa = PBXFileReference; lastKnownFileType = folder.assetcatalog; path = Assets.xcassets; sourceTree = "<group>"; };
		095960861DA41C0600291FD8 /* Base */ = {isa = PBXFileReference; lastKnownFileType = file.xib; name = Base; path = Base.lproj/MainMenu.xib; sourceTree = "<group>"; };
		095960881DA41C0600291FD8 /* Info.plist */ = {isa = PBXFileReference; lastKnownFileType = text.plist.xml; path = Info.plist; sourceTree = "<group>"; };
		0959608E1DA5692100291FD8 /* iris.entitlements */ = {isa = PBXFileReference; lastKnownFileType = text.plist.entitlements; path = iris.entitlements; sourceTree = "<group>"; };
		095960901DA57B0400291FD8 /* ImageSource.swift */ = {isa = PBXFileReference; fileEncoding = 4; lastKnownFileType = sourcecode.swift; path = ImageSource.swift; sourceTree = "<group>"; };
		095960921DA57C9600291FD8 /* UnsplashSource.swift */ = {isa = PBXFileReference; fileEncoding = 4; lastKnownFileType = sourcecode.swift; path = UnsplashSource.swift; sourceTree = "<group>"; };
		095960941DA5868D00291FD8 /* Constants.swift */ = {isa = PBXFileReference; fileEncoding = 4; lastKnownFileType = sourcecode.swift; path = Constants.swift; sourceTree = "<group>"; };
		098FF4C21DB13B3B00D5872E /* StatusItemController.swift */ = {isa = PBXFileReference; fileEncoding = 4; lastKnownFileType = sourcecode.swift; path = StatusItemController.swift; sourceTree = "<group>"; };
		098FF4C41DB178A800D5872E /* Preferences.swift */ = {isa = PBXFileReference; fileEncoding = 4; lastKnownFileType = sourcecode.swift; path = Preferences.swift; sourceTree = "<group>"; };
/* End PBXFileReference section */

/* Begin PBXFrameworksBuildPhase section */
		0959607B1DA41C0600291FD8 /* Frameworks */ = {
			isa = PBXFrameworksBuildPhase;
			buildActionMask = 2147483647;
			files = (
			);
			runOnlyForDeploymentPostprocessing = 0;
		};
/* End PBXFrameworksBuildPhase section */

/* Begin PBXGroup section */
		095960751DA41C0600291FD8 = {
			isa = PBXGroup;
			children = (
				095960801DA41C0600291FD8 /* iris */,
				0959607F1DA41C0600291FD8 /* Products */,
			);
			sourceTree = "<group>";
		};
		0959607F1DA41C0600291FD8 /* Products */ = {
			isa = PBXGroup;
			children = (
				0959607E1DA41C0600291FD8 /* iris.app */,
			);
			name = Products;
			sourceTree = "<group>";
		};
		095960801DA41C0600291FD8 /* iris */ = {
			isa = PBXGroup;
			children = (
				098FF4C11DB1383C00D5872E /* Controllers */,
				0959608F1DA57AAD00291FD8 /* Helpers */,
				0959608E1DA5692100291FD8 /* iris.entitlements */,
				095960811DA41C0600291FD8 /* AppDelegate.swift */,
				095960831DA41C0600291FD8 /* Assets.xcassets */,
				095960851DA41C0600291FD8 /* MainMenu.xib */,
				095960881DA41C0600291FD8 /* Info.plist */,
			);
			path = iris;
			sourceTree = "<group>";
		};
		0959608F1DA57AAD00291FD8 /* Helpers */ = {
			isa = PBXGroup;
			children = (
				095960901DA57B0400291FD8 /* ImageSource.swift */,
				095960921DA57C9600291FD8 /* UnsplashSource.swift */,
				095960941DA5868D00291FD8 /* Constants.swift */,
				098FF4C41DB178A800D5872E /* Preferences.swift */,
			);
			name = Helpers;
			path = helpers;
			sourceTree = "<group>";
		};
		098FF4C11DB1383C00D5872E /* Controllers */ = {
			isa = PBXGroup;
			children = (
				098FF4C21DB13B3B00D5872E /* StatusItemController.swift */,
			);
			name = Controllers;
			path = controllers;
			sourceTree = "<group>";
		};
/* End PBXGroup section */

/* Begin PBXNativeTarget section */
		0959607D1DA41C0600291FD8 /* iris */ = {
			isa = PBXNativeTarget;
			buildConfigurationList = 0959608B1DA41C0600291FD8 /* Build configuration list for PBXNativeTarget "iris" */;
			buildPhases = (
				0959607A1DA41C0600291FD8 /* Sources */,
				098FF5241DBEA6F300D5872E /* ShellScript */,
				0959607B1DA41C0600291FD8 /* Frameworks */,
				0959607C1DA41C0600291FD8 /* Resources */,
			);
			buildRules = (
			);
			dependencies = (
			);
			name = iris;
			productName = iris;
			productReference = 0959607E1DA41C0600291FD8 /* iris.app */;
			productType = "com.apple.product-type.application";
		};
/* End PBXNativeTarget section */

/* Begin PBXProject section */
		095960761DA41C0600291FD8 /* Project object */ = {
			isa = PBXProject;
			attributes = {
				LastSwiftUpdateCheck = 0800;
				LastUpgradeCheck = 0800;
				ORGANIZATIONNAME = kyRobot;
				TargetAttributes = {
					0959607D1DA41C0600291FD8 = {
						CreatedOnToolsVersion = 8.0;
						DevelopmentTeam = LET2F8G87E;
						LastSwiftMigration = 0800;
						ProvisioningStyle = Automatic;
						SystemCapabilities = {
							com.apple.Sandbox = {
								enabled = 1;
							};
						};
					};
				};
			};
			buildConfigurationList = 095960791DA41C0600291FD8 /* Build configuration list for PBXProject "iris" */;
			compatibilityVersion = "Xcode 3.2";
			developmentRegion = English;
			hasScannedForEncodings = 0;
			knownRegions = (
				en,
				Base,
			);
			mainGroup = 095960751DA41C0600291FD8;
			productRefGroup = 0959607F1DA41C0600291FD8 /* Products */;
			projectDirPath = "";
			projectRoot = "";
			targets = (
				0959607D1DA41C0600291FD8 /* iris */,
			);
		};
/* End PBXProject section */

/* Begin PBXResourcesBuildPhase section */
		0959607C1DA41C0600291FD8 /* Resources */ = {
			isa = PBXResourcesBuildPhase;
			buildActionMask = 2147483647;
			files = (
				095960841DA41C0600291FD8 /* Assets.xcassets in Resources */,
				095960871DA41C0600291FD8 /* MainMenu.xib in Resources */,
			);
			runOnlyForDeploymentPostprocessing = 0;
		};
/* End PBXResourcesBuildPhase section */

/* Begin PBXShellScriptBuildPhase section */
		098FF5241DBEA6F300D5872E /* ShellScript */ = {
			isa = PBXShellScriptBuildPhase;
			buildActionMask = 2147483647;
			files = (
			);
			inputPaths = (
			);
			outputPaths = (
			);
			runOnlyForDeploymentPostprocessing = 0;
			shellPath = /bin/sh;
			shellScript = "if which swiftlint >/dev/null; then\nswiftlint\nelse\necho \"warning: SwiftLint not installed, download from https://github.com/realm/SwiftLint\"\nfi";
		};
/* End PBXShellScriptBuildPhase section */

/* Begin PBXSourcesBuildPhase section */
		0959607A1DA41C0600291FD8 /* Sources */ = {
			isa = PBXSourcesBuildPhase;
			buildActionMask = 2147483647;
			files = (
				095960911DA57B0400291FD8 /* ImageSource.swift in Sources */,
				098FF4C51DB178A800D5872E /* Preferences.swift in Sources */,
				095960951DA5868D00291FD8 /* Constants.swift in Sources */,
				098FF4C31DB13B3B00D5872E /* StatusItemController.swift in Sources */,
				095960931DA57C9600291FD8 /* UnsplashSource.swift in Sources */,
				095960821DA41C0600291FD8 /* AppDelegate.swift in Sources */,
			);
			runOnlyForDeploymentPostprocessing = 0;
		};
/* End PBXSourcesBuildPhase section */

/* Begin PBXVariantGroup section */
		095960851DA41C0600291FD8 /* MainMenu.xib */ = {
			isa = PBXVariantGroup;
			children = (
				095960861DA41C0600291FD8 /* Base */,
			);
			name = MainMenu.xib;
			sourceTree = "<group>";
		};
/* End PBXVariantGroup section */

/* Begin XCBuildConfiguration section */
		095960891DA41C0600291FD8 /* Debug */ = {
			isa = XCBuildConfiguration;
			buildSettings = {
				ALWAYS_SEARCH_USER_PATHS = NO;
				CLANG_ANALYZER_NONNULL = YES;
				CLANG_CXX_LANGUAGE_STANDARD = "gnu++0x";
				CLANG_CXX_LIBRARY = "libc++";
				CLANG_ENABLE_MODULES = YES;
				CLANG_ENABLE_OBJC_ARC = YES;
				CLANG_WARN_BOOL_CONVERSION = YES;
				CLANG_WARN_CONSTANT_CONVERSION = YES;
				CLANG_WARN_DIRECT_OBJC_ISA_USAGE = YES_ERROR;
				CLANG_WARN_DOCUMENTATION_COMMENTS = YES;
				CLANG_WARN_EMPTY_BODY = YES;
				CLANG_WARN_ENUM_CONVERSION = YES;
				CLANG_WARN_INFINITE_RECURSION = YES;
				CLANG_WARN_INT_CONVERSION = YES;
				CLANG_WARN_OBJC_ROOT_CLASS = YES_ERROR;
				CLANG_WARN_SUSPICIOUS_MOVES = YES;
				CLANG_WARN_UNREACHABLE_CODE = YES;
				CLANG_WARN__DUPLICATE_METHOD_MATCH = YES;
				CODE_SIGN_IDENTITY = "-";
				COPY_PHASE_STRIP = NO;
				DEBUG_INFORMATION_FORMAT = dwarf;
				ENABLE_STRICT_OBJC_MSGSEND = YES;
				ENABLE_TESTABILITY = YES;
				GCC_C_LANGUAGE_STANDARD = gnu99;
				GCC_DYNAMIC_NO_PIC = NO;
				GCC_NO_COMMON_BLOCKS = YES;
				GCC_OPTIMIZATION_LEVEL = 0;
				GCC_PREPROCESSOR_DEFINITIONS = (
					"DEBUG=1",
					"$(inherited)",
				);
				GCC_WARN_64_TO_32_BIT_CONVERSION = YES;
				GCC_WARN_ABOUT_RETURN_TYPE = YES_ERROR;
				GCC_WARN_UNDECLARED_SELECTOR = YES;
				GCC_WARN_UNINITIALIZED_AUTOS = YES_AGGRESSIVE;
				GCC_WARN_UNUSED_FUNCTION = YES;
				GCC_WARN_UNUSED_VARIABLE = YES;
				MACOSX_DEPLOYMENT_TARGET = 10.12;
				MTL_ENABLE_DEBUG_INFO = YES;
				ONLY_ACTIVE_ARCH = YES;
				SDKROOT = macosx;
				SWIFT_ACTIVE_COMPILATION_CONDITIONS = DEBUG;
				SWIFT_OPTIMIZATION_LEVEL = "-Onone";
			};
			name = Debug;
		};
		0959608A1DA41C0600291FD8 /* Release */ = {
			isa = XCBuildConfiguration;
			buildSettings = {
				ALWAYS_SEARCH_USER_PATHS = NO;
				CLANG_ANALYZER_NONNULL = YES;
				CLANG_CXX_LANGUAGE_STANDARD = "gnu++0x";
				CLANG_CXX_LIBRARY = "libc++";
				CLANG_ENABLE_MODULES = YES;
				CLANG_ENABLE_OBJC_ARC = YES;
				CLANG_WARN_BOOL_CONVERSION = YES;
				CLANG_WARN_CONSTANT_CONVERSION = YES;
				CLANG_WARN_DIRECT_OBJC_ISA_USAGE = YES_ERROR;
				CLANG_WARN_DOCUMENTATION_COMMENTS = YES;
				CLANG_WARN_EMPTY_BODY = YES;
				CLANG_WARN_ENUM_CONVERSION = YES;
				CLANG_WARN_INFINITE_RECURSION = YES;
				CLANG_WARN_INT_CONVERSION = YES;
				CLANG_WARN_OBJC_ROOT_CLASS = YES_ERROR;
				CLANG_WARN_SUSPICIOUS_MOVES = YES;
				CLANG_WARN_UNREACHABLE_CODE = YES;
				CLANG_WARN__DUPLICATE_METHOD_MATCH = YES;
				CODE_SIGN_IDENTITY = "-";
				COPY_PHASE_STRIP = NO;
				DEBUG_INFORMATION_FORMAT = "dwarf-with-dsym";
				ENABLE_NS_ASSERTIONS = NO;
				ENABLE_STRICT_OBJC_MSGSEND = YES;
				GCC_C_LANGUAGE_STANDARD = gnu99;
				GCC_NO_COMMON_BLOCKS = YES;
				GCC_WARN_64_TO_32_BIT_CONVERSION = YES;
				GCC_WARN_ABOUT_RETURN_TYPE = YES_ERROR;
				GCC_WARN_UNDECLARED_SELECTOR = YES;
				GCC_WARN_UNINITIALIZED_AUTOS = YES_AGGRESSIVE;
				GCC_WARN_UNUSED_FUNCTION = YES;
				GCC_WARN_UNUSED_VARIABLE = YES;
				MACOSX_DEPLOYMENT_TARGET = 10.12;
				MTL_ENABLE_DEBUG_INFO = NO;
				SDKROOT = macosx;
				SWIFT_OPTIMIZATION_LEVEL = "-Owholemodule";
			};
			name = Release;
		};
		0959608C1DA41C0600291FD8 /* Debug */ = {
			isa = XCBuildConfiguration;
			buildSettings = {
				ASSETCATALOG_COMPILER_APPICON_NAME = AppIcon;
				CODE_SIGN_ENTITLEMENTS = iris/iris.entitlements;
				CODE_SIGN_IDENTITY = "Mac Developer";
				COMBINE_HIDPI_IMAGES = YES;
				DEVELOPMENT_TEAM = LET2F8G87E;
				INFOPLIST_FILE = iris/Info.plist;
				LD_RUNPATH_SEARCH_PATHS = "$(inherited) @executable_path/../Frameworks";
				PRODUCT_BUNDLE_IDENTIFIER = com.kyrobot.iris;
				PRODUCT_NAME = "$(TARGET_NAME)";
				SWIFT_VERSION = 3.0;
			};
			name = Debug;
		};
		0959608D1DA41C0600291FD8 /* Release */ = {
			isa = XCBuildConfiguration;
			buildSettings = {
				ASSETCATALOG_COMPILER_APPICON_NAME = AppIcon;
				CODE_SIGN_ENTITLEMENTS = iris/iris.entitlements;
				CODE_SIGN_IDENTITY = "Mac Developer";
				COMBINE_HIDPI_IMAGES = YES;
				DEVELOPMENT_TEAM = LET2F8G87E;
				INFOPLIST_FILE = iris/Info.plist;
				LD_RUNPATH_SEARCH_PATHS = "$(inherited) @executable_path/../Frameworks";
				PRODUCT_BUNDLE_IDENTIFIER = com.kyrobot.iris;
				PRODUCT_NAME = "$(TARGET_NAME)";
				SWIFT_VERSION = 3.0;
			};
			name = Release;
		};
/* End XCBuildConfiguration section */

/* Begin XCConfigurationList section */
		095960791DA41C0600291FD8 /* Build configuration list for PBXProject "iris" */ = {
			isa = XCConfigurationList;
			buildConfigurations = (
				095960891DA41C0600291FD8 /* Debug */,
				0959608A1DA41C0600291FD8 /* Release */,
			);
			defaultConfigurationIsVisible = 0;
			defaultConfigurationName = Release;
		};
		0959608B1DA41C0600291FD8 /* Build configuration list for PBXNativeTarget "iris" */ = {
			isa = XCConfigurationList;
			buildConfigurations = (
				0959608C1DA41C0600291FD8 /* Debug */,
				0959608D1DA41C0600291FD8 /* Release */,
			);
			defaultConfigurationIsVisible = 0;
			defaultConfigurationName = Release;
		};
/* End XCConfigurationList section */
	};
	rootObject = 095960761DA41C0600291FD8 /* Project object */;
}
